
Microsoft Visual Studio Solution File, Format Version 12.00
# Visual Studio Version 17
VisualStudioVersion = 17.8.34316.72
MinimumVisualStudioVersion = 10.0.40219.1
Project("{FAE04EC0-301F-11D3-BF4B-00C04F79EFBC}") = "ValidadorCPF", "ValidadorCPF\ValidadorCPF.csproj", "{E310DDDE-A46C-4E7D-B5BA-C6F53420D741}"
EndProject
Global
	GlobalSection(SolutionConfigurationPlatforms) = preSolution
		Debug|Any CPU = Debug|Any CPU
		Release|Any CPU = Release|Any CPU
	EndGlobalSection
	GlobalSection(ProjectConfigurationPlatforms) = postSolution
		{E310DDDE-A46C-4E7D-B5BA-C6F53420D741}.Debug|Any CPU.ActiveCfg = Debug|Any CPU
		{E310DDDE-A46C-4E7D-B5BA-C6F53420D741}.Debug|Any CPU.Build.0 = Debug|Any CPU
		{E310DDDE-A46C-4E7D-B5BA-C6F53420D741}.Release|Any CPU.ActiveCfg = Release|Any CPU
		{E310DDDE-A46C-4E7D-B5BA-C6F53420D741}.Release|Any CPU.Build.0 = Release|Any CPU
	EndGlobalSection
	GlobalSection(SolutionProperties) = preSolution
		HideSolutionNode = FALSE
	EndGlobalSection
	GlobalSection(ExtensibilityGlobals) = postSolution
		SolutionGuid = {4D433BE9-333A-492C-935D-3C919C0AF5CF}
	EndGlobalSection
EndGlobal
